
Microsoft Visual Studio Solution File, Format Version 12.00
# Visual Studio Version 16
VisualStudioVersion = 16.0.30804.86
MinimumVisualStudioVersion = 10.0.40219.1
Project("{9A19103F-16F7-4668-BE54-9A1E7A4F7556}") = "CursoMVC", "CursoMVC\CursoMVC.csproj", "{6A66F3E2-CF12-4ED9-87CA-3AA50B5A3168}"
EndProject
Project("{FAE04EC0-301F-11D3-BF4B-00C04F79EFBC}") = "CursoAPI", "CursoAPI\CursoAPI.csproj", "{9099F5A5-F5F7-40D3-B858-32826A212AC7}"
EndProject
Project("{FAE04EC0-301F-11D3-BF4B-00C04F79EFBC}") = "Curso_Test", "Curso_Test\Curso_Test.csproj", "{48EE3C94-4F2B-4925-A7A1-B260ECD8CB7C}"
EndProject
Global
	GlobalSection(SolutionConfigurationPlatforms) = preSolution
		Debug|Any CPU = Debug|Any CPU
		Release|Any CPU = Release|Any CPU
	EndGlobalSection
	GlobalSection(ProjectConfigurationPlatforms) = postSolution
		{6A66F3E2-CF12-4ED9-87CA-3AA50B5A3168}.Debug|Any CPU.ActiveCfg = Debug|Any CPU
		{6A66F3E2-CF12-4ED9-87CA-3AA50B5A3168}.Debug|Any CPU.Build.0 = Debug|Any CPU
		{6A66F3E2-CF12-4ED9-87CA-3AA50B5A3168}.Release|Any CPU.ActiveCfg = Release|Any CPU
		{6A66F3E2-CF12-4ED9-87CA-3AA50B5A3168}.Release|Any CPU.Build.0 = Release|Any CPU
		{9099F5A5-F5F7-40D3-B858-32826A212AC7}.Debug|Any CPU.ActiveCfg = Debug|Any CPU
		{9099F5A5-F5F7-40D3-B858-32826A212AC7}.Debug|Any CPU.Build.0 = Debug|Any CPU
		{9099F5A5-F5F7-40D3-B858-32826A212AC7}.Release|Any CPU.ActiveCfg = Release|Any CPU
		{9099F5A5-F5F7-40D3-B858-32826A212AC7}.Release|Any CPU.Build.0 = Release|Any CPU
		{48EE3C94-4F2B-4925-A7A1-B260ECD8CB7C}.Debug|Any CPU.ActiveCfg = Debug|Any CPU
		{48EE3C94-4F2B-4925-A7A1-B260ECD8CB7C}.Debug|Any CPU.Build.0 = Debug|Any CPU
		{48EE3C94-4F2B-4925-A7A1-B260ECD8CB7C}.Release|Any CPU.ActiveCfg = Release|Any CPU
		{48EE3C94-4F2B-4925-A7A1-B260ECD8CB7C}.Release|Any CPU.Build.0 = Release|Any CPU
	EndGlobalSection
	GlobalSection(SolutionProperties) = preSolution
		HideSolutionNode = FALSE
	EndGlobalSection
	GlobalSection(ExtensibilityGlobals) = postSolution
		SolutionGuid = {70CEFBC3-7222-47B7-95A0-CA444F66DA43}
	EndGlobalSection
EndGlobal
